
Microsoft Visual Studio Solution File, Format Version 12.00
# Visual Studio Version 16
VisualStudioVersion = 16.0.31702.278
MinimumVisualStudioVersion = 10.0.40219.1
Project("{FAE04EC0-301F-11D3-BF4B-00C04F79EFBC}") = "OOP_Class", "OOP_Class\OOP_Class.csproj", "{ABB3D402-4DB5-4CFF-984F-69316F2E3BF2}"
EndProject
Project("{FAE04EC0-301F-11D3-BF4B-00C04F79EFBC}") = "OOP_Encapsulation", "OOP_Encapsulation\OOP_Encapsulation.csproj", "{2F6B8C9C-B94B-4085-952E-F6DAE48501AB}"
EndProject
Project("{FAE04EC0-301F-11D3-BF4B-00C04F79EFBC}") = "OOP_Constructor", "OOP_Constructor\OOP_Constructor.csproj", "{C6BDACB4-D856-4205-A016-391738C3B782}"
EndProject
Project("{FAE04EC0-301F-11D3-BF4B-00C04F79EFBC}") = "OOP_Inheritance", "OOP_Inheritance\OOP_Inheritance.csproj", "{37E24AF3-3C3B-42C6-8EAD-995F605D462D}"
EndProject
Project("{FAE04EC0-301F-11D3-BF4B-00C04F79EFBC}") = "OOP_Inheritance_2", "OOP_Inheritance_2\OOP_Inheritance_2.csproj", "{58862718-FB47-48DE-966E-D9DA7597B437}"
EndProject
Project("{FAE04EC0-301F-11D3-BF4B-00C04F79EFBC}") = "OOP_Abstraction", "OOP_Abstraction\OOP_Abstraction.csproj", "{3BF4C499-A0CD-4E88-920E-C8A4E8FD7881}"
EndProject
Project("{FAE04EC0-301F-11D3-BF4B-00C04F79EFBC}") = "OOP_Abstraciton_2", "OOP_Abstraciton_2\OOP_Abstraciton_2.csproj", "{A5D37A24-8D71-4C7B-BDBB-AFC7F792C3DA}"
EndProject
Global
	GlobalSection(SolutionConfigurationPlatforms) = preSolution
		Debug|Any CPU = Debug|Any CPU
		Release|Any CPU = Release|Any CPU
	EndGlobalSection
	GlobalSection(ProjectConfigurationPlatforms) = postSolution
		{ABB3D402-4DB5-4CFF-984F-69316F2E3BF2}.Debug|Any CPU.ActiveCfg = Debug|Any CPU
		{ABB3D402-4DB5-4CFF-984F-69316F2E3BF2}.Debug|Any CPU.Build.0 = Debug|Any CPU
		{ABB3D402-4DB5-4CFF-984F-69316F2E3BF2}.Release|Any CPU.ActiveCfg = Release|Any CPU
		{ABB3D402-4DB5-4CFF-984F-69316F2E3BF2}.Release|Any CPU.Build.0 = Release|Any CPU
		{2F6B8C9C-B94B-4085-952E-F6DAE48501AB}.Debug|Any CPU.ActiveCfg = Debug|Any CPU
		{2F6B8C9C-B94B-4085-952E-F6DAE48501AB}.Debug|Any CPU.Build.0 = Debug|Any CPU
		{2F6B8C9C-B94B-4085-952E-F6DAE48501AB}.Release|Any CPU.ActiveCfg = Release|Any CPU
		{2F6B8C9C-B94B-4085-952E-F6DAE48501AB}.Release|Any CPU.Build.0 = Release|Any CPU
		{C6BDACB4-D856-4205-A016-391738C3B782}.Debug|Any CPU.ActiveCfg = Debug|Any CPU
		{C6BDACB4-D856-4205-A016-391738C3B782}.Debug|Any CPU.Build.0 = Debug|Any CPU
		{C6BDACB4-D856-4205-A016-391738C3B782}.Release|Any CPU.ActiveCfg = Release|Any CPU
		{C6BDACB4-D856-4205-A016-391738C3B782}.Release|Any CPU.Build.0 = Release|Any CPU
		{37E24AF3-3C3B-42C6-8EAD-995F605D462D}.Debug|Any CPU.ActiveCfg = Debug|Any CPU
		{37E24AF3-3C3B-42C6-8EAD-995F605D462D}.Debug|Any CPU.Build.0 = Debug|Any CPU
		{37E24AF3-3C3B-42C6-8EAD-995F605D462D}.Release|Any CPU.ActiveCfg = Release|Any CPU
		{37E24AF3-3C3B-42C6-8EAD-995F605D462D}.Release|Any CPU.Build.0 = Release|Any CPU
		{58862718-FB47-48DE-966E-D9DA7597B437}.Debug|Any CPU.ActiveCfg = Debug|Any CPU
		{58862718-FB47-48DE-966E-D9DA7597B437}.Debug|Any CPU.Build.0 = Debug|Any CPU
		{58862718-FB47-48DE-966E-D9DA7597B437}.Release|Any CPU.ActiveCfg = Release|Any CPU
		{58862718-FB47-48DE-966E-D9DA7597B437}.Release|Any CPU.Build.0 = Release|Any CPU
		{3BF4C499-A0CD-4E88-920E-C8A4E8FD7881}.Debug|Any CPU.ActiveCfg = Debug|Any CPU
		{3BF4C499-A0CD-4E88-920E-C8A4E8FD7881}.Debug|Any CPU.Build.0 = Debug|Any CPU
		{3BF4C499-A0CD-4E88-920E-C8A4E8FD7881}.Release|Any CPU.ActiveCfg = Release|Any CPU
		{3BF4C499-A0CD-4E88-920E-C8A4E8FD7881}.Release|Any CPU.Build.0 = Release|Any CPU
		{A5D37A24-8D71-4C7B-BDBB-AFC7F792C3DA}.Debug|Any CPU.ActiveCfg = Debug|Any CPU
		{A5D37A24-8D71-4C7B-BDBB-AFC7F792C3DA}.Debug|Any CPU.Build.0 = Debug|Any CPU
		{A5D37A24-8D71-4C7B-BDBB-AFC7F792C3DA}.Release|Any CPU.ActiveCfg = Release|Any CPU
		{A5D37A24-8D71-4C7B-BDBB-AFC7F792C3DA}.Release|Any CPU.Build.0 = Release|Any CPU
	EndGlobalSection
	GlobalSection(SolutionProperties) = preSolution
		HideSolutionNode = FALSE
	EndGlobalSection
	GlobalSection(ExtensibilityGlobals) = postSolution
		SolutionGuid = {0EC37BA2-BB32-47D2-8436-1CB78F60C904}
	EndGlobalSection
EndGlobal
